<?xml version="1.0" encoding="utf-8"?>
<Project ToolsVersion="4.0" xmlns="http://schemas.microsoft.com/developer/msbuild/2003">
  <ItemGroup>
    <ClCompile Include="Renderer.cpp">
      <Filter>Source</Filter>
    </ClCompile>
    <ClCompile Include="stdafx.cpp">
      <Filter>Source</Filter>
    </ClCompile>
    <ClCompile Include="GLSLBase.cpp">
      <Filter>Source</Filter>
    </ClCompile>
    <ClCompile Include="LoadPng.cpp">
      <Filter>Source</Filter>
    </ClCompile>
  </ItemGroup>
  <ItemGroup>
    <ClInclude Include="Renderer.h">
      <Filter>Header</Filter>
    </ClInclude>
    <ClInclude Include="stdafx.h">
      <Filter>Header</Filter>
    </ClInclude>
    <ClInclude Include="LoadPng.h">
      <Filter>Header</Filter>
    </ClInclude>
    <ClInclude Include="targetver.h">
      <Filter>Header</Filter>
    </ClInclude>
  </ItemGroup>
  <ItemGroup>
    <None Include="Shaders\SolidRect.vs">
      <Filter>Shader</Filter>
    </None>
    <None Include="Shaders\SolidRect.fs">
      <Filter>Shader</Filter>
    </None>
    <None Include="Shaders\TFWithGSFragmentShader.glfs">
      <Filter>Shader\TFwithGS</Filter>
    </None>
    <None Include="Shaders\TFWithGSGeometryShader.glgs">
      <Filter>Shader\TFwithGS</Filter>
    </None>
    <None Include="Shaders\TFWithGSVertexShader.glvs">
      <Filter>Shader\TFwithGS</Filter>
    </None>
    <None Include="Shaders\TFFragmentShader.glfs">
      <Filter>Shader\TF</Filter>
    </None>
    <None Include="Shaders\TFVertexShader.glvs">
      <Filter>Shader\TF</Filter>
    </None>
    <None Include="Shaders\RenderToTBO.glfs">
      <Filter>Shader\RenderingTBO</Filter>
    </None>
    <None Include="Shaders\RenderToTBO.glgs">
      <Filter>Shader\RenderingTBO</Filter>
    </None>
    <None Include="Shaders\RenderToTBO.glvs">
      <Filter>Shader\RenderingTBO</Filter>
    </None>
  </ItemGroup>
  <ItemGroup>
    <Text Include="ReadMe.txt" />
  </ItemGroup>
  <ItemGroup>
    <Filter Include="Source">
      <UniqueIdentifier>{a7fcb93d-3717-43ab-b316-e9d0ce5b8225}</UniqueIdentifier>
    </Filter>
    <Filter Include="Header">
      <UniqueIdentifier>{281c75ca-d516-457d-94dd-38314bf09c82}</UniqueIdentifier>
    </Filter>
    <Filter Include="Shader">
      <UniqueIdentifier>{67bf60d2-2daa-4412-a92a-1ef604d4703f}</UniqueIdentifier>
    </Filter>
    <Filter Include="Shader\TF">
      <UniqueIdentifier>{00ee33c9-0949-406d-9027-c91b9f42f15c}</UniqueIdentifier>
    </Filter>
    <Filter Include="Shader\TFwithGS">
      <UniqueIdentifier>{c8998c54-a5dc-43e0-af07-8db109786c30}</UniqueIdentifier>
    </Filter>
    <Filter Include="Shader\RenderingTBO">
      <UniqueIdentifier>{155dfbe8-4853-4699-8a54-910d7439be9d}</UniqueIdentifier>
    </Filter>
  </ItemGroup>
</Project>