<?xml version="1.0" encoding="utf-8"?>
<Project ToolsVersion="4.0" xmlns="http://schemas.microsoft.com/developer/msbuild/2003">
  <ItemGroup>
    <ClCompile Include="stdafx.cpp">
      <Filter>Source</Filter>
    </ClCompile>
    <ClCompile Include="GLSLBase.cpp">
      <Filter>Source</Filter>
    </ClCompile>
    <ClCompile Include="LoadPng.cpp">
      <Filter>Source</Filter>
    </ClCompile>
    <ClCompile Include="Camera.cpp">
      <Filter>Source\Camera</Filter>
    </ClCompile>
    <ClCompile Include="Mesh.cpp">
      <Filter>Source\Mesh</Filter>
    </ClCompile>
    <ClCompile Include="Vertex.cpp">
      <Filter>Source\Vertex</Filter>
    </ClCompile>
    <ClCompile Include="Transform.cpp">
      <Filter>Source\Transform</Filter>
    </ClCompile>
    <ClCompile Include="Light.cpp">
      <Filter>Source\Light</Filter>
    </ClCompile>
    <ClCompile Include="Renderer.cpp">
      <Filter>Source\Renderer</Filter>
    </ClCompile>
    <ClCompile Include="Particle.cpp">
      <Filter>Source\Particle</Filter>
    </ClCompile>
    <ClCompile Include="GameObject.cpp">
      <Filter>Source\GameObject</Filter>
    </ClCompile>
  </ItemGroup>
  <ItemGroup>
    <ClInclude Include="stdafx.h">
      <Filter>Header</Filter>
    </ClInclude>
    <ClInclude Include="targetver.h">
      <Filter>Header</Filter>
    </ClInclude>
    <ClInclude Include="LoadPng.h">
      <Filter>Header</Filter>
    </ClInclude>
    <ClInclude Include="Camera.h">
      <Filter>Source\Camera</Filter>
    </ClInclude>
    <ClInclude Include="Mesh.h">
      <Filter>Source\Mesh</Filter>
    </ClInclude>
    <ClInclude Include="Vertex.h">
      <Filter>Source\Vertex</Filter>
    </ClInclude>
    <ClInclude Include="Transform.h">
      <Filter>Source\Transform</Filter>
    </ClInclude>
    <ClInclude Include="Light.h">
      <Filter>Source\Light</Filter>
    </ClInclude>
    <ClInclude Include="Renderer.h">
      <Filter>Source\Renderer</Filter>
    </ClInclude>
    <ClInclude Include="Particle.h">
      <Filter>Source\Particle</Filter>
    </ClInclude>
    <ClInclude Include="MathUtility.h">
      <Filter>Header</Filter>
    </ClInclude>
    <ClInclude Include="GameObject.h">
      <Filter>Source\GameObject</Filter>
    </ClInclude>
    <ClInclude Include="DefineValue.h">
      <Filter>Header</Filter>
    </ClInclude>
  </ItemGroup>
  <ItemGroup>
    <None Include="Shaders\SolidRect.vert">
      <Filter>Shader</Filter>
    </None>
    <None Include="Shaders\SolidRect.frag">
      <Filter>Shader</Filter>
    </None>
    <None Include="Shaders\BasicTexture.frag">
      <Filter>Shader</Filter>
    </None>
    <None Include="Shaders\BasicTexture.vert">
      <Filter>Shader</Filter>
    </None>
    <None Include="Shaders\SolidMesh.frag">
      <Filter>Shader</Filter>
    </None>
    <None Include="Shaders\SolidMesh.vert">
      <Filter>Shader</Filter>
    </None>
    <None Include="Shaders\BasicParticle.frag">
      <Filter>Shader</Filter>
    </None>
    <None Include="Shaders\BasicParticle.vert">
      <Filter>Shader</Filter>
    </None>
    <None Include="Shaders\ParticleSimulate.comp">
      <Filter>Shader</Filter>
    </None>
  </ItemGroup>
  <ItemGroup>
    <Text Include="ReadMe.txt" />
  </ItemGroup>
  <ItemGroup>
    <Filter Include="Source">
      <UniqueIdentifier>{a7fcb93d-3717-43ab-b316-e9d0ce5b8225}</UniqueIdentifier>
    </Filter>
    <Filter Include="Header">
      <UniqueIdentifier>{281c75ca-d516-457d-94dd-38314bf09c82}</UniqueIdentifier>
    </Filter>
    <Filter Include="Shader">
      <UniqueIdentifier>{67bf60d2-2daa-4412-a92a-1ef604d4703f}</UniqueIdentifier>
    </Filter>
    <Filter Include="Source\Mesh">
      <UniqueIdentifier>{de33a839-54ef-4156-8e3d-7c3ade3d3e12}</UniqueIdentifier>
    </Filter>
    <Filter Include="Source\Camera">
      <UniqueIdentifier>{c05235ab-65fb-4ad1-b65a-edd119a0f88b}</UniqueIdentifier>
    </Filter>
    <Filter Include="Source\Vertex">
      <UniqueIdentifier>{0923aa7a-122b-4369-9712-76d5278fa7ff}</UniqueIdentifier>
    </Filter>
    <Filter Include="Source\Light">
      <UniqueIdentifier>{6627e555-42b3-4d1e-bf04-14559844a582}</UniqueIdentifier>
    </Filter>
    <Filter Include="Source\Transform">
      <UniqueIdentifier>{65757746-af77-4ef5-97ef-7f57d5373a18}</UniqueIdentifier>
    </Filter>
    <Filter Include="Source\Renderer">
      <UniqueIdentifier>{0c2b1d75-59e4-4b3b-9518-f6f3d8b64bc7}</UniqueIdentifier>
    </Filter>
    <Filter Include="Source\Particle">
      <UniqueIdentifier>{00bb750a-c2bc-43b2-a6d1-00007b169e35}</UniqueIdentifier>
    </Filter>
    <Filter Include="Source\GameObject">
      <UniqueIdentifier>{d5b1f680-782f-477d-8f5a-b0e65de2462b}</UniqueIdentifier>
    </Filter>
  </ItemGroup>
</Project>